// !$*UTF8*$!
{
	archiveVersion = 1;
	classes = {
	};
	objectVersion = 56;
	objects = {

/* Begin PBXBuildFile section */
		AFC6CE622BAB1E4600751ECC /* AppDelegate.swift in Sources */ = {isa = PBXBuildFile; fileRef = AFC6CE612BAB1E4600751ECC /* AppDelegate.swift */; };
		AFC6CE642BAB1E4600751ECC /* SceneDelegate.swift in Sources */ = {isa = PBXBuildFile; fileRef = AFC6CE632BAB1E4600751ECC /* SceneDelegate.swift */; };
		AFC6CE662BAB1E4600751ECC /* SignInVC.swift in Sources */ = {isa = PBXBuildFile; fileRef = AFC6CE652BAB1E4600751ECC /* SignInVC.swift */; };
		AFC6CE6B2BAB1E4800751ECC /* Assets.xcassets in Resources */ = {isa = PBXBuildFile; fileRef = AFC6CE6A2BAB1E4800751ECC /* Assets.xcassets */; };
		AFC6CE6E2BAB1E4800751ECC /* LaunchScreen.storyboard in Resources */ = {isa = PBXBuildFile; fileRef = AFC6CE6C2BAB1E4800751ECC /* LaunchScreen.storyboard */; };
		AFC6CE792BAB1F9400751ECC /* SuccessVC.swift in Sources */ = {isa = PBXBuildFile; fileRef = AFC6CE782BAB1F9400751ECC /* SuccessVC.swift */; };
		AFC6CE7C2BAB1FC300751ECC /* SnapKit in Frameworks */ = {isa = PBXBuildFile; productRef = AFC6CE7B2BAB1FC300751ECC /* SnapKit */; };
		AFC6CE7E2BAB1FC300751ECC /* SnapKit-Dynamic in Frameworks */ = {isa = PBXBuildFile; productRef = AFC6CE7D2BAB1FC300751ECC /* SnapKit-Dynamic */; };
		AFC6CE802BAB1FF500751ECC /* HexExtention.swift in Sources */ = {isa = PBXBuildFile; fileRef = AFC6CE7F2BAB1FF500751ECC /* HexExtention.swift */; };
		AFC6CE862BAB20C100751ECC /* CheckBoxButton.swift in Sources */ = {isa = PBXBuildFile; fileRef = AFC6CE852BAB20C100751ECC /* CheckBoxButton.swift */; };
/* End PBXBuildFile section */

/* Begin PBXFileReference section */
		AFC6CE5E2BAB1E4600751ECC /* NewHomeWork.app */ = {isa = PBXFileReference; explicitFileType = wrapper.application; includeInIndex = 0; path = NewHomeWork.app; sourceTree = BUILT_PRODUCTS_DIR; };
		AFC6CE612BAB1E4600751ECC /* AppDelegate.swift */ = {isa = PBXFileReference; lastKnownFileType = sourcecode.swift; path = AppDelegate.swift; sourceTree = "<group>"; };
		AFC6CE632BAB1E4600751ECC /* SceneDelegate.swift */ = {isa = PBXFileReference; lastKnownFileType = sourcecode.swift; path = SceneDelegate.swift; sourceTree = "<group>"; };
		AFC6CE652BAB1E4600751ECC /* SignInVC.swift */ = {isa = PBXFileReference; lastKnownFileType = sourcecode.swift; path = SignInVC.swift; sourceTree = "<group>"; };
		AFC6CE6A2BAB1E4800751ECC /* Assets.xcassets */ = {isa = PBXFileReference; lastKnownFileType = folder.assetcatalog; path = Assets.xcassets; sourceTree = "<group>"; };
		AFC6CE6D2BAB1E4800751ECC /* Base */ = {isa = PBXFileReference; lastKnownFileType = file.storyboard; name = Base; path = Base.lproj/LaunchScreen.storyboard; sourceTree = "<group>"; };
		AFC6CE6F2BAB1E4800751ECC /* Info.plist */ = {isa = PBXFileReference; lastKnownFileType = text.plist.xml; path = Info.plist; sourceTree = "<group>"; };
		AFC6CE782BAB1F9400751ECC /* SuccessVC.swift */ = {isa = PBXFileReference; lastKnownFileType = sourcecode.swift; path = SuccessVC.swift; sourceTree = "<group>"; };
		AFC6CE7F2BAB1FF500751ECC /* HexExtention.swift */ = {isa = PBXFileReference; fileEncoding = 4; lastKnownFileType = sourcecode.swift; path = HexExtention.swift; sourceTree = "<group>"; };
		AFC6CE852BAB20C100751ECC /* CheckBoxButton.swift */ = {isa = PBXFileReference; lastKnownFileType = sourcecode.swift; path = CheckBoxButton.swift; sourceTree = "<group>"; };
/* End PBXFileReference section */

/* Begin PBXFrameworksBuildPhase section */
		AFC6CE5B2BAB1E4600751ECC /* Frameworks */ = {
			isa = PBXFrameworksBuildPhase;
			buildActionMask = 2147483647;
			files = (
				AFC6CE7C2BAB1FC300751ECC /* SnapKit in Frameworks */,
				AFC6CE7E2BAB1FC300751ECC /* SnapKit-Dynamic in Frameworks */,
			);
			runOnlyForDeploymentPostprocessing = 0;
		};
/* End PBXFrameworksBuildPhase section */

/* Begin PBXGroup section */
		AFC6CE552BAB1E4600751ECC = {
			isa = PBXGroup;
			children = (
				AFC6CE602BAB1E4600751ECC /* NewHomeWork */,
				AFC6CE5F2BAB1E4600751ECC /* Products */,
			);
			sourceTree = "<group>";
		};
		AFC6CE5F2BAB1E4600751ECC /* Products */ = {
			isa = PBXGroup;
			children = (
				AFC6CE5E2BAB1E4600751ECC /* NewHomeWork.app */,
			);
			name = Products;
			sourceTree = "<group>";
		};
		AFC6CE602BAB1E4600751ECC /* NewHomeWork */ = {
			isa = PBXGroup;
			children = (
				AFC6CE752BAB1EBA00751ECC /* AppDelegate */,
				AFC6CE762BAB1F0B00751ECC /* Controllers */,
				AFC6CE772BAB1F1E00751ECC /* Resourses */,
				AFC6CE6F2BAB1E4800751ECC /* Info.plist */,
			);
			path = NewHomeWork;
			sourceTree = "<group>";
		};
		AFC6CE752BAB1EBA00751ECC /* AppDelegate */ = {
			isa = PBXGroup;
			children = (
				AFC6CE632BAB1E4600751ECC /* SceneDelegate.swift */,
				AFC6CE612BAB1E4600751ECC /* AppDelegate.swift */,
			);
			path = AppDelegate;
			sourceTree = "<group>";
		};
		AFC6CE762BAB1F0B00751ECC /* Controllers */ = {
			isa = PBXGroup;
			children = (
				AFC6CE652BAB1E4600751ECC /* SignInVC.swift */,
				AFC6CE782BAB1F9400751ECC /* SuccessVC.swift */,
				AFC6CE852BAB20C100751ECC /* CheckBoxButton.swift */,
			);
			path = Controllers;
			sourceTree = "<group>";
		};
		AFC6CE772BAB1F1E00751ECC /* Resourses */ = {
			isa = PBXGroup;
			children = (
				AFC6CE6C2BAB1E4800751ECC /* LaunchScreen.storyboard */,
				AFC6CE7F2BAB1FF500751ECC /* HexExtention.swift */,
				AFC6CE6A2BAB1E4800751ECC /* Assets.xcassets */,
			);
			path = Resourses;
			sourceTree = "<group>";
		};
/* End PBXGroup section */

/* Begin PBXNativeTarget section */
		AFC6CE5D2BAB1E4600751ECC /* NewHomeWork */ = {
			isa = PBXNativeTarget;
			buildConfigurationList = AFC6CE722BAB1E4800751ECC /* Build configuration list for PBXNativeTarget "NewHomeWork" */;
			buildPhases = (
				AFC6CE5A2BAB1E4600751ECC /* Sources */,
				AFC6CE5B2BAB1E4600751ECC /* Frameworks */,
				AFC6CE5C2BAB1E4600751ECC /* Resources */,
			);
			buildRules = (
			);
			dependencies = (
			);
			name = NewHomeWork;
			packageProductDependencies = (
				AFC6CE7B2BAB1FC300751ECC /* SnapKit */,
				AFC6CE7D2BAB1FC300751ECC /* SnapKit-Dynamic */,
			);
			productName = NewHomeWork;
			productReference = AFC6CE5E2BAB1E4600751ECC /* NewHomeWork.app */;
			productType = "com.apple.product-type.application";
		};
/* End PBXNativeTarget section */

/* Begin PBXProject section */
		AFC6CE562BAB1E4600751ECC /* Project object */ = {
			isa = PBXProject;
			attributes = {
				BuildIndependentTargetsInParallel = 1;
				LastSwiftUpdateCheck = 1520;
				LastUpgradeCheck = 1520;
				TargetAttributes = {
					AFC6CE5D2BAB1E4600751ECC = {
						CreatedOnToolsVersion = 15.2;
					};
				};
			};
			buildConfigurationList = AFC6CE592BAB1E4600751ECC /* Build configuration list for PBXProject "NewHomeWork" */;
			compatibilityVersion = "Xcode 14.0";
			developmentRegion = en;
			hasScannedForEncodings = 0;
			knownRegions = (
				en,
				Base,
			);
			mainGroup = AFC6CE552BAB1E4600751ECC;
			packageReferences = (
				AFC6CE7A2BAB1FC300751ECC /* XCRemoteSwiftPackageReference "SnapKit" */,
			);
			productRefGroup = AFC6CE5F2BAB1E4600751ECC /* Products */;
			projectDirPath = "";
			projectRoot = "";
			targets = (
				AFC6CE5D2BAB1E4600751ECC /* NewHomeWork */,
			);
		};
/* End PBXProject section */

/* Begin PBXResourcesBuildPhase section */
		AFC6CE5C2BAB1E4600751ECC /* Resources */ = {
			isa = PBXResourcesBuildPhase;
			buildActionMask = 2147483647;
			files = (
				AFC6CE6E2BAB1E4800751ECC /* LaunchScreen.storyboard in Resources */,
				AFC6CE6B2BAB1E4800751ECC /* Assets.xcassets in Resources */,
			);
			runOnlyForDeploymentPostprocessing = 0;
		};
/* End PBXResourcesBuildPhase section */

/* Begin PBXSourcesBuildPhase section */
		AFC6CE5A2BAB1E4600751ECC /* Sources */ = {
			isa = PBXSourcesBuildPhase;
			buildActionMask = 2147483647;
			files = (
				AFC6CE792BAB1F9400751ECC /* SuccessVC.swift in Sources */,
				AFC6CE662BAB1E4600751ECC /* SignInVC.swift in Sources */,
				AFC6CE622BAB1E4600751ECC /* AppDelegate.swift in Sources */,
				AFC6CE642BAB1E4600751ECC /* SceneDelegate.swift in Sources */,
				AFC6CE862BAB20C100751ECC /* CheckBoxButton.swift in Sources */,
				AFC6CE802BAB1FF500751ECC /* HexExtention.swift in Sources */,
			);
			runOnlyForDeploymentPostprocessing = 0;
		};
/* End PBXSourcesBuildPhase section */

/* Begin PBXVariantGroup section */
		AFC6CE6C2BAB1E4800751ECC /* LaunchScreen.storyboard */ = {
			isa = PBXVariantGroup;
			children = (
				AFC6CE6D2BAB1E4800751ECC /* Base */,
			);
			name = LaunchScreen.storyboard;
			sourceTree = "<group>";
		};
/* End PBXVariantGroup section */

/* Begin XCBuildConfiguration section */
		AFC6CE702BAB1E4800751ECC /* Debug */ = {
			isa = XCBuildConfiguration;
			buildSettings = {
				ALWAYS_SEARCH_USER_PATHS = NO;
				ASSETCATALOG_COMPILER_GENERATE_SWIFT_ASSET_SYMBOL_EXTENSIONS = YES;
				CLANG_ANALYZER_NONNULL = YES;
				CLANG_ANALYZER_NUMBER_OBJECT_CONVERSION = YES_AGGRESSIVE;
				CLANG_CXX_LANGUAGE_STANDARD = "gnu++20";
				CLANG_ENABLE_MODULES = YES;
				CLANG_ENABLE_OBJC_ARC = YES;
				CLANG_ENABLE_OBJC_WEAK = YES;
				CLANG_WARN_BLOCK_CAPTURE_AUTORELEASING = YES;
				CLANG_WARN_BOOL_CONVERSION = YES;
				CLANG_WARN_COMMA = YES;
				CLANG_WARN_CONSTANT_CONVERSION = YES;
				CLANG_WARN_DEPRECATED_OBJC_IMPLEMENTATIONS = YES;
				CLANG_WARN_DIRECT_OBJC_ISA_USAGE = YES_ERROR;
				CLANG_WARN_DOCUMENTATION_COMMENTS = YES;
				CLANG_WARN_EMPTY_BODY = YES;
				CLANG_WARN_ENUM_CONVERSION = YES;
				CLANG_WARN_INFINITE_RECURSION = YES;
				CLANG_WARN_INT_CONVERSION = YES;
				CLANG_WARN_NON_LITERAL_NULL_CONVERSION = YES;
				CLANG_WARN_OBJC_IMPLICIT_RETAIN_SELF = YES;
				CLANG_WARN_OBJC_LITERAL_CONVERSION = YES;
				CLANG_WARN_OBJC_ROOT_CLASS = YES_ERROR;
				CLANG_WARN_QUOTED_INCLUDE_IN_FRAMEWORK_HEADER = YES;
				CLANG_WARN_RANGE_LOOP_ANALYSIS = YES;
				CLANG_WARN_STRICT_PROTOTYPES = YES;
				CLANG_WARN_SUSPICIOUS_MOVE = YES;
				CLANG_WARN_UNGUARDED_AVAILABILITY = YES_AGGRESSIVE;
				CLANG_WARN_UNREACHABLE_CODE = YES;
				CLANG_WARN__DUPLICATE_METHOD_MATCH = YES;
				COPY_PHASE_STRIP = NO;
				DEBUG_INFORMATION_FORMAT = dwarf;
				ENABLE_STRICT_OBJC_MSGSEND = YES;
				ENABLE_TESTABILITY = YES;
				ENABLE_USER_SCRIPT_SANDBOXING = YES;
				GCC_C_LANGUAGE_STANDARD = gnu17;
				GCC_DYNAMIC_NO_PIC = NO;
				GCC_NO_COMMON_BLOCKS = YES;
				GCC_OPTIMIZATION_LEVEL = 0;
				GCC_PREPROCESSOR_DEFINITIONS = (
					"DEBUG=1",
					"$(inherited)",
				);
				GCC_WARN_64_TO_32_BIT_CONVERSION = YES;
				GCC_WARN_ABOUT_RETURN_TYPE = YES_ERROR;
				GCC_WARN_UNDECLARED_SELECTOR = YES;
				GCC_WARN_UNINITIALIZED_AUTOS = YES_AGGRESSIVE;
				GCC_WARN_UNUSED_FUNCTION = YES;
				GCC_WARN_UNUSED_VARIABLE = YES;
				IPHONEOS_DEPLOYMENT_TARGET = 17.2;
				LOCALIZATION_PREFERS_STRING_CATALOGS = YES;
				MTL_ENABLE_DEBUG_INFO = INCLUDE_SOURCE;
				MTL_FAST_MATH = YES;
				ONLY_ACTIVE_ARCH = YES;
				SDKROOT = iphoneos;
				SWIFT_ACTIVE_COMPILATION_CONDITIONS = "DEBUG $(inherited)";
				SWIFT_OPTIMIZATION_LEVEL = "-Onone";
			};
			name = Debug;
		};
		AFC6CE712BAB1E4800751ECC /* Release */ = {
			isa = XCBuildConfiguration;
			buildSettings = {
				ALWAYS_SEARCH_USER_PATHS = NO;
				ASSETCATALOG_COMPILER_GENERATE_SWIFT_ASSET_SYMBOL_EXTENSIONS = YES;
				CLANG_ANALYZER_NONNULL = YES;
				CLANG_ANALYZER_NUMBER_OBJECT_CONVERSION = YES_AGGRESSIVE;
				CLANG_CXX_LANGUAGE_STANDARD = "gnu++20";
				CLANG_ENABLE_MODULES = YES;
				CLANG_ENABLE_OBJC_ARC = YES;
				CLANG_ENABLE_OBJC_WEAK = YES;
				CLANG_WARN_BLOCK_CAPTURE_AUTORELEASING = YES;
				CLANG_WARN_BOOL_CONVERSION = YES;
				CLANG_WARN_COMMA = YES;
				CLANG_WARN_CONSTANT_CONVERSION = YES;
				CLANG_WARN_DEPRECATED_OBJC_IMPLEMENTATIONS = YES;
				CLANG_WARN_DIRECT_OBJC_ISA_USAGE = YES_ERROR;
				CLANG_WARN_DOCUMENTATION_COMMENTS = YES;
				CLANG_WARN_EMPTY_BODY = YES;
				CLANG_WARN_ENUM_CONVERSION = YES;
				CLANG_WARN_INFINITE_RECURSION = YES;
				CLANG_WARN_INT_CONVERSION = YES;
				CLANG_WARN_NON_LITERAL_NULL_CONVERSION = YES;
				CLANG_WARN_OBJC_IMPLICIT_RETAIN_SELF = YES;
				CLANG_WARN_OBJC_LITERAL_CONVERSION = YES;
				CLANG_WARN_OBJC_ROOT_CLASS = YES_ERROR;
				CLANG_WARN_QUOTED_INCLUDE_IN_FRAMEWORK_HEADER = YES;
				CLANG_WARN_RANGE_LOOP_ANALYSIS = YES;
				CLANG_WARN_STRICT_PROTOTYPES = YES;
				CLANG_WARN_SUSPICIOUS_MOVE = YES;
				CLANG_WARN_UNGUARDED_AVAILABILITY = YES_AGGRESSIVE;
				CLANG_WARN_UNREACHABLE_CODE = YES;
				CLANG_WARN__DUPLICATE_METHOD_MATCH = YES;
				COPY_PHASE_STRIP = NO;
				DEBUG_INFORMATION_FORMAT = "dwarf-with-dsym";
				ENABLE_NS_ASSERTIONS = NO;
				ENABLE_STRICT_OBJC_MSGSEND = YES;
				ENABLE_USER_SCRIPT_SANDBOXING = YES;
				GCC_C_LANGUAGE_STANDARD = gnu17;
				GCC_NO_COMMON_BLOCKS = YES;
				GCC_WARN_64_TO_32_BIT_CONVERSION = YES;
				GCC_WARN_ABOUT_RETURN_TYPE = YES_ERROR;
				GCC_WARN_UNDECLARED_SELECTOR = YES;
				GCC_WARN_UNINITIALIZED_AUTOS = YES_AGGRESSIVE;
				GCC_WARN_UNUSED_FUNCTION = YES;
				GCC_WARN_UNUSED_VARIABLE = YES;
				IPHONEOS_DEPLOYMENT_TARGET = 17.2;
				LOCALIZATION_PREFERS_STRING_CATALOGS = YES;
				MTL_ENABLE_DEBUG_INFO = NO;
				MTL_FAST_MATH = YES;
				SDKROOT = iphoneos;
				SWIFT_COMPILATION_MODE = wholemodule;
				VALIDATE_PRODUCT = YES;
			};
			name = Release;
		};
		AFC6CE732BAB1E4800751ECC /* Debug */ = {
			isa = XCBuildConfiguration;
			buildSettings = {
				ASSETCATALOG_COMPILER_APPICON_NAME = AppIcon;
				ASSETCATALOG_COMPILER_GLOBAL_ACCENT_COLOR_NAME = AccentColor;
				CODE_SIGN_STYLE = Automatic;
				CURRENT_PROJECT_VERSION = 1;
				DEVELOPMENT_TEAM = H26KGNHNNP;
				GENERATE_INFOPLIST_FILE = YES;
				INFOPLIST_FILE = NewHomeWork/Info.plist;
				INFOPLIST_KEY_UIApplicationSupportsIndirectInputEvents = YES;
				INFOPLIST_KEY_UILaunchStoryboardName = LaunchScreen;
				INFOPLIST_KEY_UISupportedInterfaceOrientations_iPad = "UIInterfaceOrientationPortrait UIInterfaceOrientationPortraitUpsideDown UIInterfaceOrientationLandscapeLeft UIInterfaceOrientationLandscapeRight";
				INFOPLIST_KEY_UISupportedInterfaceOrientations_iPhone = "UIInterfaceOrientationPortrait UIInterfaceOrientationLandscapeLeft UIInterfaceOrientationLandscapeRight";
				LD_RUNPATH_SEARCH_PATHS = (
					"$(inherited)",
					"@executable_path/Frameworks",
				);
				MARKETING_VERSION = 1.0;
				PRODUCT_BUNDLE_IDENTIFIER = com.tatu.NewHomeWork;
				PRODUCT_NAME = "$(TARGET_NAME)";
				SWIFT_EMIT_LOC_STRINGS = YES;
				SWIFT_VERSION = 5.0;
				TARGETED_DEVICE_FAMILY = "1,2";
			};
			name = Debug;
		};
		AFC6CE742BAB1E4800751ECC /* Release */ = {
			isa = XCBuildConfiguration;
			buildSettings = {
				ASSETCATALOG_COMPILER_APPICON_NAME = AppIcon;
				ASSETCATALOG_COMPILER_GLOBAL_ACCENT_COLOR_NAME = AccentColor;
				CODE_SIGN_STYLE = Automatic;
				CURRENT_PROJECT_VERSION = 1;
				DEVELOPMENT_TEAM = H26KGNHNNP;
				GENERATE_INFOPLIST_FILE = YES;
				INFOPLIST_FILE = NewHomeWork/Info.plist;
				INFOPLIST_KEY_UIApplicationSupportsIndirectInputEvents = YES;
				INFOPLIST_KEY_UILaunchStoryboardName = LaunchScreen;
				INFOPLIST_KEY_UISupportedInterfaceOrientations_iPad = "UIInterfaceOrientationPortrait UIInterfaceOrientationPortraitUpsideDown UIInterfaceOrientationLandscapeLeft UIInterfaceOrientationLandscapeRight";
				INFOPLIST_KEY_UISupportedInterfaceOrientations_iPhone = "UIInterfaceOrientationPortrait UIInterfaceOrientationLandscapeLeft UIInterfaceOrientationLandscapeRight";
				LD_RUNPATH_SEARCH_PATHS = (
					"$(inherited)",
					"@executable_path/Frameworks",
				);
				MARKETING_VERSION = 1.0;
				PRODUCT_BUNDLE_IDENTIFIER = com.tatu.NewHomeWork;
				PRODUCT_NAME = "$(TARGET_NAME)";
				SWIFT_EMIT_LOC_STRINGS = YES;
				SWIFT_VERSION = 5.0;
				TARGETED_DEVICE_FAMILY = "1,2";
			};
			name = Release;
		};
/* End XCBuildConfiguration section */

/* Begin XCConfigurationList section */
		AFC6CE592BAB1E4600751ECC /* Build configuration list for PBXProject "NewHomeWork" */ = {
			isa = XCConfigurationList;
			buildConfigurations = (
				AFC6CE702BAB1E4800751ECC /* Debug */,
				AFC6CE712BAB1E4800751ECC /* Release */,
			);
			defaultConfigurationIsVisible = 0;
			defaultConfigurationName = Release;
		};
		AFC6CE722BAB1E4800751ECC /* Build configuration list for PBXNativeTarget "NewHomeWork" */ = {
			isa = XCConfigurationList;
			buildConfigurations = (
				AFC6CE732BAB1E4800751ECC /* Debug */,
				AFC6CE742BAB1E4800751ECC /* Release */,
			);
			defaultConfigurationIsVisible = 0;
			defaultConfigurationName = Release;
		};
/* End XCConfigurationList section */

/* Begin XCRemoteSwiftPackageReference section */
		AFC6CE7A2BAB1FC300751ECC /* XCRemoteSwiftPackageReference "SnapKit" */ = {
			isa = XCRemoteSwiftPackageReference;
			repositoryURL = "https://github.com/SnapKit/SnapKit.git";
			requirement = {
				kind = upToNextMajorVersion;
				minimumVersion = 5.7.1;
			};
		};
/* End XCRemoteSwiftPackageReference section */

/* Begin XCSwiftPackageProductDependency section */
		AFC6CE7B2BAB1FC300751ECC /* SnapKit */ = {
			isa = XCSwiftPackageProductDependency;
			package = AFC6CE7A2BAB1FC300751ECC /* XCRemoteSwiftPackageReference "SnapKit" */;
			productName = SnapKit;
		};
		AFC6CE7D2BAB1FC300751ECC /* SnapKit-Dynamic */ = {
			isa = XCSwiftPackageProductDependency;
			package = AFC6CE7A2BAB1FC300751ECC /* XCRemoteSwiftPackageReference "SnapKit" */;
			productName = "SnapKit-Dynamic";
		};
/* End XCSwiftPackageProductDependency section */
	};
	rootObject = AFC6CE562BAB1E4600751ECC /* Project object */;
}
